
Microsoft Visual Studio Solution File, Format Version 12.00
# Visual Studio Version 16
VisualStudioVersion = 16.0.31702.278
MinimumVisualStudioVersion = 10.0.40219.1
Project("{FAE04EC0-301F-11D3-BF4B-00C04F79EFBC}") = "SerilogDemo", "SerilofDemo\SerilogDemo.csproj", "{DB831F28-EBF0-4F36-B485-6C9790A8606B}"
EndProject
Global
	GlobalSection(SolutionConfigurationPlatforms) = preSolution
		Debug|Any CPU = Debug|Any CPU
		Release|Any CPU = Release|Any CPU
	EndGlobalSection
	GlobalSection(ProjectConfigurationPlatforms) = postSolution
		{DB831F28-EBF0-4F36-B485-6C9790A8606B}.Debug|Any CPU.ActiveCfg = Debug|Any CPU
		{DB831F28-EBF0-4F36-B485-6C9790A8606B}.Debug|Any CPU.Build.0 = Debug|Any CPU
		{DB831F28-EBF0-4F36-B485-6C9790A8606B}.Release|Any CPU.ActiveCfg = Release|Any CPU
		{DB831F28-EBF0-4F36-B485-6C9790A8606B}.Release|Any CPU.Build.0 = Release|Any CPU
	EndGlobalSection
	GlobalSection(SolutionProperties) = preSolution
		HideSolutionNode = FALSE
	EndGlobalSection
	GlobalSection(ExtensibilityGlobals) = postSolution
		SolutionGuid = {1A0F488D-E025-4ADE-B941-CDC894E95F6D}
	EndGlobalSection
EndGlobal
